
Microsoft Visual Studio Solution File, Format Version 12.00
Project("{FAE04EC0-301F-11D3-BF4B-00C04F79EFBC}") = "View", "View\View.csproj", "{3451C473-3840-4CCD-A8BF-6746B4C8877F}"
EndProject
Project("{FAE04EC0-301F-11D3-BF4B-00C04F79EFBC}") = "Model", "Model\Model.csproj", "{128EBF4B-BB2D-48BA-86C0-A5A409B64915}"
EndProject
Project("{FAE04EC0-301F-11D3-BF4B-00C04F79EFBC}") = "Domain", "Domain\Domain.csproj", "{242DE8B6-1F5F-42B4-9ABD-3BD4FCF3C85B}"
EndProject
Global
	GlobalSection(SolutionConfigurationPlatforms) = preSolution
		Debug|Any CPU = Debug|Any CPU
		Release|Any CPU = Release|Any CPU
	EndGlobalSection
	GlobalSection(ProjectConfigurationPlatforms) = postSolution
		{3451C473-3840-4CCD-A8BF-6746B4C8877F}.Debug|Any CPU.ActiveCfg = Debug|Any CPU
		{3451C473-3840-4CCD-A8BF-6746B4C8877F}.Debug|Any CPU.Build.0 = Debug|Any CPU
		{3451C473-3840-4CCD-A8BF-6746B4C8877F}.Release|Any CPU.ActiveCfg = Release|Any CPU
		{3451C473-3840-4CCD-A8BF-6746B4C8877F}.Release|Any CPU.Build.0 = Release|Any CPU
		{128EBF4B-BB2D-48BA-86C0-A5A409B64915}.Debug|Any CPU.ActiveCfg = Debug|Any CPU
		{128EBF4B-BB2D-48BA-86C0-A5A409B64915}.Debug|Any CPU.Build.0 = Debug|Any CPU
		{128EBF4B-BB2D-48BA-86C0-A5A409B64915}.Release|Any CPU.ActiveCfg = Release|Any CPU
		{128EBF4B-BB2D-48BA-86C0-A5A409B64915}.Release|Any CPU.Build.0 = Release|Any CPU
		{242DE8B6-1F5F-42B4-9ABD-3BD4FCF3C85B}.Debug|Any CPU.ActiveCfg = Debug|Any CPU
		{242DE8B6-1F5F-42B4-9ABD-3BD4FCF3C85B}.Debug|Any CPU.Build.0 = Debug|Any CPU
		{242DE8B6-1F5F-42B4-9ABD-3BD4FCF3C85B}.Release|Any CPU.ActiveCfg = Release|Any CPU
		{242DE8B6-1F5F-42B4-9ABD-3BD4FCF3C85B}.Release|Any CPU.Build.0 = Release|Any CPU
	EndGlobalSection
EndGlobal
